
Microsoft Visual Studio Solution File, Format Version 12.00
# Visual Studio Version 16
VisualStudioVersion = 16.0.30717.126
MinimumVisualStudioVersion = 10.0.40219.1
Project("{888888A0-9F3D-457C-B088-3A5042F75D52}") = "1_14_21_23", "1_14_21_23\1_14_21_23.pyproj", "{CA048671-D090-43ED-BC5A-67242E73E2EA}"
EndProject
Global
	GlobalSection(SolutionConfigurationPlatforms) = preSolution
		Debug|Any CPU = Debug|Any CPU
		Release|Any CPU = Release|Any CPU
	EndGlobalSection
	GlobalSection(ProjectConfigurationPlatforms) = postSolution
		{CA048671-D090-43ED-BC5A-67242E73E2EA}.Debug|Any CPU.ActiveCfg = Debug|Any CPU
		{CA048671-D090-43ED-BC5A-67242E73E2EA}.Release|Any CPU.ActiveCfg = Release|Any CPU
	EndGlobalSection
	GlobalSection(SolutionProperties) = preSolution
		HideSolutionNode = FALSE
	EndGlobalSection
	GlobalSection(ExtensibilityGlobals) = postSolution
		SolutionGuid = {D3D3EB90-1EEE-4A63-A0C8-E227FC60CF63}
	EndGlobalSection
EndGlobal
